
Microsoft Visual Studio Solution File, Format Version 12.00
# Visual Studio Version 17
VisualStudioVersion = 17.0.31903.59
MinimumVisualStudioVersion = 10.0.40219.1
Project("{FAE04EC0-301F-11D3-BF4B-00C04F79EFBC}") = "Game.Api", "src\Game.Api\Game.Api.csproj", "{590269E2-58FB-4BC1-B145-161D45B19387}"
EndProject
Project("{FAE04EC0-301F-11D3-BF4B-00C04F79EFBC}") = "Game.Api.Tests", "test\api\Game.Api.Tests.csproj", "{73995B43-F980-4634-AE69-E64ACBF5D7C3}"
EndProject
Project("{2150E333-8FDC-42A3-9474-1A3956D46DE8}") = "src", "src", "{6407D881-2D1E-4F4A-A701-792A90688984}"
EndProject
Project("{2150E333-8FDC-42A3-9474-1A3956D46DE8}") = "test", "test", "{B86ADB0F-8BDE-4B70-BB08-B91DAAF6A1E7}"
EndProject
Project("{FAE04EC0-301F-11D3-BF4B-00C04F79EFBC}") = "Game.Services", "src\Game.Services\Game.Services.csproj", "{63F2B73D-3258-4439-A07F-C3D30120ED72}"
EndProject
Project("{FAE04EC0-301F-11D3-BF4B-00C04F79EFBC}") = "Game.DAL", "src\Game.DAL\Game.DAL.csproj", "{52328D0A-1EC3-44F3-9A8B-14AE72A77F57}"
EndProject
Project("{FAE04EC0-301F-11D3-BF4B-00C04F79EFBC}") = "Game.Service.Tests", "test\Game.Service.Tests\Game.Service.Tests.csproj", "{C2ACFF84-2D23-4810-94B1-C53CF07312CD}"
EndProject
Global
	GlobalSection(SolutionConfigurationPlatforms) = preSolution
		Debug|Any CPU = Debug|Any CPU
		Release|Any CPU = Release|Any CPU
	EndGlobalSection
	GlobalSection(SolutionProperties) = preSolution
		HideSolutionNode = FALSE
	EndGlobalSection
	GlobalSection(ProjectConfigurationPlatforms) = postSolution
		{590269E2-58FB-4BC1-B145-161D45B19387}.Debug|Any CPU.ActiveCfg = Debug|Any CPU
		{590269E2-58FB-4BC1-B145-161D45B19387}.Debug|Any CPU.Build.0 = Debug|Any CPU
		{590269E2-58FB-4BC1-B145-161D45B19387}.Release|Any CPU.ActiveCfg = Release|Any CPU
		{590269E2-58FB-4BC1-B145-161D45B19387}.Release|Any CPU.Build.0 = Release|Any CPU
		{73995B43-F980-4634-AE69-E64ACBF5D7C3}.Debug|Any CPU.ActiveCfg = Debug|Any CPU
		{73995B43-F980-4634-AE69-E64ACBF5D7C3}.Debug|Any CPU.Build.0 = Debug|Any CPU
		{73995B43-F980-4634-AE69-E64ACBF5D7C3}.Release|Any CPU.ActiveCfg = Release|Any CPU
		{73995B43-F980-4634-AE69-E64ACBF5D7C3}.Release|Any CPU.Build.0 = Release|Any CPU
		{63F2B73D-3258-4439-A07F-C3D30120ED72}.Debug|Any CPU.ActiveCfg = Debug|Any CPU
		{63F2B73D-3258-4439-A07F-C3D30120ED72}.Debug|Any CPU.Build.0 = Debug|Any CPU
		{63F2B73D-3258-4439-A07F-C3D30120ED72}.Release|Any CPU.ActiveCfg = Release|Any CPU
		{63F2B73D-3258-4439-A07F-C3D30120ED72}.Release|Any CPU.Build.0 = Release|Any CPU
		{52328D0A-1EC3-44F3-9A8B-14AE72A77F57}.Debug|Any CPU.ActiveCfg = Debug|Any CPU
		{52328D0A-1EC3-44F3-9A8B-14AE72A77F57}.Debug|Any CPU.Build.0 = Debug|Any CPU
		{52328D0A-1EC3-44F3-9A8B-14AE72A77F57}.Release|Any CPU.ActiveCfg = Release|Any CPU
		{52328D0A-1EC3-44F3-9A8B-14AE72A77F57}.Release|Any CPU.Build.0 = Release|Any CPU
		{C2ACFF84-2D23-4810-94B1-C53CF07312CD}.Debug|Any CPU.ActiveCfg = Debug|Any CPU
		{C2ACFF84-2D23-4810-94B1-C53CF07312CD}.Debug|Any CPU.Build.0 = Debug|Any CPU
		{C2ACFF84-2D23-4810-94B1-C53CF07312CD}.Release|Any CPU.ActiveCfg = Release|Any CPU
		{C2ACFF84-2D23-4810-94B1-C53CF07312CD}.Release|Any CPU.Build.0 = Release|Any CPU
	EndGlobalSection
	GlobalSection(NestedProjects) = preSolution
		{590269E2-58FB-4BC1-B145-161D45B19387} = {6407D881-2D1E-4F4A-A701-792A90688984}
		{73995B43-F980-4634-AE69-E64ACBF5D7C3} = {B86ADB0F-8BDE-4B70-BB08-B91DAAF6A1E7}
		{63F2B73D-3258-4439-A07F-C3D30120ED72} = {6407D881-2D1E-4F4A-A701-792A90688984}
		{52328D0A-1EC3-44F3-9A8B-14AE72A77F57} = {6407D881-2D1E-4F4A-A701-792A90688984}
		{C2ACFF84-2D23-4810-94B1-C53CF07312CD} = {B86ADB0F-8BDE-4B70-BB08-B91DAAF6A1E7}
	EndGlobalSection
EndGlobal
