
Microsoft Visual Studio Solution File, Format Version 12.00
# Visual Studio Version 17
VisualStudioVersion = 17.0.31903.59
MinimumVisualStudioVersion = 10.0.40219.1
Project("{2150E333-8FDC-42A3-9474-1A3956D46DE8}") = "src", "src", "{BB030460-31FC-4B95-951B-EFAB42602BA2}"
EndProject
Project("{FAE04EC0-301F-11D3-BF4B-00C04F79EFBC}") = "dal", "src\dal\dal.csproj", "{BBBAEDFC-2557-4808-AC4A-2DFC3DE92C28}"
EndProject
Project("{FAE04EC0-301F-11D3-BF4B-00C04F79EFBC}") = "service", "src\service\service.csproj", "{50819C7D-F671-42A1-9DAC-676BD333FC37}"
EndProject
Project("{2150E333-8FDC-42A3-9474-1A3956D46DE8}") = "test", "test", "{FD2A8DB9-C542-4C9C-AA52-4F77C2FB33DC}"
EndProject
Project("{FAE04EC0-301F-11D3-BF4B-00C04F79EFBC}") = "service.tests", "test\service\service.tests.csproj", "{A678454D-978F-44A3-831F-3586029FF034}"
EndProject
Project("{FAE04EC0-301F-11D3-BF4B-00C04F79EFBC}") = "api.test", "test\api\api.test.csproj", "{67F951DE-1C0E-4ED7-8921-ECF87770CE0A}"
EndProject
Project("{FAE04EC0-301F-11D3-BF4B-00C04F79EFBC}") = "api", "src\api\api.csproj", "{0A912A5A-44D2-43EE-870E-5A0F9C0EED4D}"
EndProject
Global
	GlobalSection(SolutionConfigurationPlatforms) = preSolution
		Debug|Any CPU = Debug|Any CPU
		Release|Any CPU = Release|Any CPU
	EndGlobalSection
	GlobalSection(ProjectConfigurationPlatforms) = postSolution
		{BBBAEDFC-2557-4808-AC4A-2DFC3DE92C28}.Debug|Any CPU.ActiveCfg = Debug|Any CPU
		{BBBAEDFC-2557-4808-AC4A-2DFC3DE92C28}.Debug|Any CPU.Build.0 = Debug|Any CPU
		{BBBAEDFC-2557-4808-AC4A-2DFC3DE92C28}.Release|Any CPU.ActiveCfg = Release|Any CPU
		{BBBAEDFC-2557-4808-AC4A-2DFC3DE92C28}.Release|Any CPU.Build.0 = Release|Any CPU
		{50819C7D-F671-42A1-9DAC-676BD333FC37}.Debug|Any CPU.ActiveCfg = Debug|Any CPU
		{50819C7D-F671-42A1-9DAC-676BD333FC37}.Debug|Any CPU.Build.0 = Debug|Any CPU
		{50819C7D-F671-42A1-9DAC-676BD333FC37}.Release|Any CPU.ActiveCfg = Release|Any CPU
		{50819C7D-F671-42A1-9DAC-676BD333FC37}.Release|Any CPU.Build.0 = Release|Any CPU
		{A678454D-978F-44A3-831F-3586029FF034}.Debug|Any CPU.ActiveCfg = Debug|Any CPU
		{A678454D-978F-44A3-831F-3586029FF034}.Debug|Any CPU.Build.0 = Debug|Any CPU
		{A678454D-978F-44A3-831F-3586029FF034}.Release|Any CPU.ActiveCfg = Release|Any CPU
		{A678454D-978F-44A3-831F-3586029FF034}.Release|Any CPU.Build.0 = Release|Any CPU
		{67F951DE-1C0E-4ED7-8921-ECF87770CE0A}.Debug|Any CPU.ActiveCfg = Debug|Any CPU
		{67F951DE-1C0E-4ED7-8921-ECF87770CE0A}.Debug|Any CPU.Build.0 = Debug|Any CPU
		{67F951DE-1C0E-4ED7-8921-ECF87770CE0A}.Release|Any CPU.ActiveCfg = Release|Any CPU
		{67F951DE-1C0E-4ED7-8921-ECF87770CE0A}.Release|Any CPU.Build.0 = Release|Any CPU
		{0A912A5A-44D2-43EE-870E-5A0F9C0EED4D}.Debug|Any CPU.ActiveCfg = Debug|Any CPU
		{0A912A5A-44D2-43EE-870E-5A0F9C0EED4D}.Debug|Any CPU.Build.0 = Debug|Any CPU
		{0A912A5A-44D2-43EE-870E-5A0F9C0EED4D}.Release|Any CPU.ActiveCfg = Release|Any CPU
		{0A912A5A-44D2-43EE-870E-5A0F9C0EED4D}.Release|Any CPU.Build.0 = Release|Any CPU
	EndGlobalSection
	GlobalSection(SolutionProperties) = preSolution
		HideSolutionNode = FALSE
	EndGlobalSection
	GlobalSection(NestedProjects) = preSolution
		{BBBAEDFC-2557-4808-AC4A-2DFC3DE92C28} = {BB030460-31FC-4B95-951B-EFAB42602BA2}
		{50819C7D-F671-42A1-9DAC-676BD333FC37} = {BB030460-31FC-4B95-951B-EFAB42602BA2}
		{A678454D-978F-44A3-831F-3586029FF034} = {FD2A8DB9-C542-4C9C-AA52-4F77C2FB33DC}
		{67F951DE-1C0E-4ED7-8921-ECF87770CE0A} = {FD2A8DB9-C542-4C9C-AA52-4F77C2FB33DC}
		{0A912A5A-44D2-43EE-870E-5A0F9C0EED4D} = {BB030460-31FC-4B95-951B-EFAB42602BA2}
	EndGlobalSection
EndGlobal
